
Microsoft Visual Studio Solution File, Format Version 12.00
# Visual Studio Version 17
VisualStudioVersion = 17.14.36616.10 d17.14
MinimumVisualStudioVersion = 10.0.40219.1
Project("{FAE04EC0-301F-11D3-BF4B-00C04F79EFBC}") = "BlazorTasker", "BlazorTasker.csproj", "{9561A354-0CFD-4917-B4BE-B6C06B8361E0}"
EndProject
Global
	GlobalSection(SolutionConfigurationPlatforms) = preSolution
		Debug|Any CPU = Debug|Any CPU
		Release|Any CPU = Release|Any CPU
	EndGlobalSection
	GlobalSection(ProjectConfigurationPlatforms) = postSolution
		{9561A354-0CFD-4917-B4BE-B6C06B8361E0}.Debug|Any CPU.ActiveCfg = Debug|Any CPU
		{9561A354-0CFD-4917-B4BE-B6C06B8361E0}.Debug|Any CPU.Build.0 = Debug|Any CPU
		{9561A354-0CFD-4917-B4BE-B6C06B8361E0}.Release|Any CPU.ActiveCfg = Release|Any CPU
		{9561A354-0CFD-4917-B4BE-B6C06B8361E0}.Release|Any CPU.Build.0 = Release|Any CPU
	EndGlobalSection
	GlobalSection(SolutionProperties) = preSolution
		HideSolutionNode = FALSE
	EndGlobalSection
	GlobalSection(ExtensibilityGlobals) = postSolution
		SolutionGuid = {47EA3E2C-4D4B-4A47-8817-9D335F6AC04B}
	EndGlobalSection
EndGlobal
